
Microsoft Visual Studio Solution File, Format Version 12.00
# Visual Studio Version 17
VisualStudioVersion = 17.7.34031.279
MinimumVisualStudioVersion = 10.0.40219.1
Project("{2150E333-8FDC-42A3-9474-1A3956D46DE8}") = "Services", "Services", "{2DAB8F6E-829E-4176-8F66-CBA0091E8F3A}"
EndProject
Project("{2150E333-8FDC-42A3-9474-1A3956D46DE8}") = "Catalog", "Catalog", "{3A05531A-A282-4355-A39B-72F18C5A575C}"
EndProject
Project("{9A19103F-16F7-4668-BE54-9A1E7A4F7556}") = "Catalog.API", "Services\Catalog\Catalog.API\Catalog.API.csproj", "{7531ACFB-E333-4F72-A127-40D7C74F9FBD}"
EndProject
Project("{2150E333-8FDC-42A3-9474-1A3956D46DE8}") = "Solution Items", "Solution Items", "{A255DD73-F9D0-400A-AC43-5F23BF54EEDE}"
	ProjectSection(SolutionItems) = preProject
		docker-compose.override.yml = docker-compose.override.yml
		docker-compose.yml = docker-compose.yml
	EndProjectSection
EndProject
Project("{E53339B2-1760-4266-BCC7-CA923CBCF16C}") = "docker-compose", "docker-compose.dcproj", "{F3B364DF-1DEA-437F-B153-1CE43B1F97B4}"
EndProject
Project("{2150E333-8FDC-42A3-9474-1A3956D46DE8}") = "Basket", "Basket", "{B0440101-1D34-4EC9-87AA-6C118BDE3BF6}"
EndProject
Project("{FAE04EC0-301F-11D3-BF4B-00C04F79EFBC}") = "Basket.API", "Services\Basket\Basket.API\Basket.API.csproj", "{381D513A-54B6-4510-BEC5-F860C913A2AE}"
EndProject
Project("{2150E333-8FDC-42A3-9474-1A3956D46DE8}") = "Discount", "Discount", "{6DF92648-40B2-4958-AE45-92914F04107B}"
EndProject
Project("{FAE04EC0-301F-11D3-BF4B-00C04F79EFBC}") = "Discount.API", "Services\Discount\Discount.API\Discount.API.csproj", "{861EC758-9E9D-4E7A-BACB-FA0F08B3F340}"
EndProject
Global
	GlobalSection(SolutionConfigurationPlatforms) = preSolution
		Debug|Any CPU = Debug|Any CPU
		Release|Any CPU = Release|Any CPU
	EndGlobalSection
	GlobalSection(ProjectConfigurationPlatforms) = postSolution
		{7531ACFB-E333-4F72-A127-40D7C74F9FBD}.Debug|Any CPU.ActiveCfg = Debug|Any CPU
		{7531ACFB-E333-4F72-A127-40D7C74F9FBD}.Debug|Any CPU.Build.0 = Debug|Any CPU
		{7531ACFB-E333-4F72-A127-40D7C74F9FBD}.Release|Any CPU.ActiveCfg = Release|Any CPU
		{7531ACFB-E333-4F72-A127-40D7C74F9FBD}.Release|Any CPU.Build.0 = Release|Any CPU
		{F3B364DF-1DEA-437F-B153-1CE43B1F97B4}.Debug|Any CPU.ActiveCfg = Debug|Any CPU
		{F3B364DF-1DEA-437F-B153-1CE43B1F97B4}.Debug|Any CPU.Build.0 = Debug|Any CPU
		{F3B364DF-1DEA-437F-B153-1CE43B1F97B4}.Release|Any CPU.ActiveCfg = Release|Any CPU
		{F3B364DF-1DEA-437F-B153-1CE43B1F97B4}.Release|Any CPU.Build.0 = Release|Any CPU
		{381D513A-54B6-4510-BEC5-F860C913A2AE}.Debug|Any CPU.ActiveCfg = Debug|Any CPU
		{381D513A-54B6-4510-BEC5-F860C913A2AE}.Debug|Any CPU.Build.0 = Debug|Any CPU
		{381D513A-54B6-4510-BEC5-F860C913A2AE}.Release|Any CPU.ActiveCfg = Release|Any CPU
		{381D513A-54B6-4510-BEC5-F860C913A2AE}.Release|Any CPU.Build.0 = Release|Any CPU
		{861EC758-9E9D-4E7A-BACB-FA0F08B3F340}.Debug|Any CPU.ActiveCfg = Debug|Any CPU
		{861EC758-9E9D-4E7A-BACB-FA0F08B3F340}.Debug|Any CPU.Build.0 = Debug|Any CPU
		{861EC758-9E9D-4E7A-BACB-FA0F08B3F340}.Release|Any CPU.ActiveCfg = Release|Any CPU
		{861EC758-9E9D-4E7A-BACB-FA0F08B3F340}.Release|Any CPU.Build.0 = Release|Any CPU
	EndGlobalSection
	GlobalSection(SolutionProperties) = preSolution
		HideSolutionNode = FALSE
	EndGlobalSection
	GlobalSection(NestedProjects) = preSolution
		{3A05531A-A282-4355-A39B-72F18C5A575C} = {2DAB8F6E-829E-4176-8F66-CBA0091E8F3A}
		{7531ACFB-E333-4F72-A127-40D7C74F9FBD} = {3A05531A-A282-4355-A39B-72F18C5A575C}
		{B0440101-1D34-4EC9-87AA-6C118BDE3BF6} = {2DAB8F6E-829E-4176-8F66-CBA0091E8F3A}
		{381D513A-54B6-4510-BEC5-F860C913A2AE} = {B0440101-1D34-4EC9-87AA-6C118BDE3BF6}
		{6DF92648-40B2-4958-AE45-92914F04107B} = {2DAB8F6E-829E-4176-8F66-CBA0091E8F3A}
		{861EC758-9E9D-4E7A-BACB-FA0F08B3F340} = {6DF92648-40B2-4958-AE45-92914F04107B}
	EndGlobalSection
EndGlobal
